// !$*UTF8*$!
{
	archiveVersion = 1;
	classes = {
	};
	objectVersion = 46;
	objects = {

/* Begin PBXBuildFile section */
		7E5B84911F72805A008787FB /* AppDelegate.swift in Sources */ = {isa = PBXBuildFile; fileRef = 7E5B84901F72805A008787FB /* AppDelegate.swift */; };
		7E5B84931F72805A008787FB /* ViewController.swift in Sources */ = {isa = PBXBuildFile; fileRef = 7E5B84921F72805A008787FB /* ViewController.swift */; };
		7E5B84961F72805A008787FB /* Main.storyboard in Resources */ = {isa = PBXBuildFile; fileRef = 7E5B84941F72805A008787FB /* Main.storyboard */; };
		7E5B84981F72805A008787FB /* Assets.xcassets in Resources */ = {isa = PBXBuildFile; fileRef = 7E5B84971F72805A008787FB /* Assets.xcassets */; };
		7E5B849B1F72805A008787FB /* LaunchScreen.storyboard in Resources */ = {isa = PBXBuildFile; fileRef = 7E5B84991F72805A008787FB /* LaunchScreen.storyboard */; };
		7E5B84A61F72A4EA008787FB /* RBEventReceiver.swift in Sources */ = {isa = PBXBuildFile; fileRef = 7E5B84A51F72A4EA008787FB /* RBEventReceiver.swift */; };
		7E5B84AB1F72A4FC008787FB /* SRGPlayer.swift in Sources */ = {isa = PBXBuildFile; fileRef = 7E5B84A81F72A4FC008787FB /* SRGPlayer.swift */; };
		7E5B84AC1F72A4FC008787FB /* UITouch+Synthesize.m in Sources */ = {isa = PBXBuildFile; fileRef = 7E5B84AA1F72A4FC008787FB /* UITouch+Synthesize.m */; };
		7E5B84AF1F72A5AB008787FB /* IOKit.framework in Frameworks */ = {isa = PBXBuildFile; fileRef = 7E5B84AE1F72A5AB008787FB /* IOKit.framework */; };
		FE4CF2C9B2585FE00C5E3319 /* Pods_RBEventPlayer.framework in Frameworks */ = {isa = PBXBuildFile; fileRef = 075727827D89FC0559E49BBC /* Pods_RBEventPlayer.framework */; };
/* End PBXBuildFile section */

/* Begin PBXFileReference section */
		075727827D89FC0559E49BBC /* Pods_RBEventPlayer.framework */ = {isa = PBXFileReference; explicitFileType = wrapper.framework; includeInIndex = 0; path = Pods_RBEventPlayer.framework; sourceTree = BUILT_PRODUCTS_DIR; };
		6FDAD7B5AA3A8A1095095A94 /* Pods-RBEventPlayer.release.xcconfig */ = {isa = PBXFileReference; includeInIndex = 1; lastKnownFileType = text.xcconfig; name = "Pods-RBEventPlayer.release.xcconfig"; path = "Pods/Target Support Files/Pods-RBEventPlayer/Pods-RBEventPlayer.release.xcconfig"; sourceTree = "<group>"; };
		7E5B848D1F72805A008787FB /* RBEventPlayer.app */ = {isa = PBXFileReference; explicitFileType = wrapper.application; includeInIndex = 0; path = RBEventPlayer.app; sourceTree = BUILT_PRODUCTS_DIR; };
		7E5B84901F72805A008787FB /* AppDelegate.swift */ = {isa = PBXFileReference; lastKnownFileType = sourcecode.swift; path = AppDelegate.swift; sourceTree = "<group>"; };
		7E5B84921F72805A008787FB /* ViewController.swift */ = {isa = PBXFileReference; lastKnownFileType = sourcecode.swift; path = ViewController.swift; sourceTree = "<group>"; };
		7E5B84951F72805A008787FB /* Base */ = {isa = PBXFileReference; lastKnownFileType = file.storyboard; name = Base; path = Base.lproj/Main.storyboard; sourceTree = "<group>"; };
		7E5B84971F72805A008787FB /* Assets.xcassets */ = {isa = PBXFileReference; lastKnownFileType = folder.assetcatalog; path = Assets.xcassets; sourceTree = "<group>"; };
		7E5B849A1F72805A008787FB /* Base */ = {isa = PBXFileReference; lastKnownFileType = file.storyboard; name = Base; path = Base.lproj/LaunchScreen.storyboard; sourceTree = "<group>"; };
		7E5B849C1F72805B008787FB /* Info.plist */ = {isa = PBXFileReference; lastKnownFileType = text.plist.xml; path = Info.plist; sourceTree = "<group>"; };
		7E5B84A51F72A4EA008787FB /* RBEventReceiver.swift */ = {isa = PBXFileReference; fileEncoding = 4; lastKnownFileType = sourcecode.swift; path = RBEventReceiver.swift; sourceTree = "<group>"; };
		7E5B84A81F72A4FC008787FB /* SRGPlayer.swift */ = {isa = PBXFileReference; fileEncoding = 4; lastKnownFileType = sourcecode.swift; path = SRGPlayer.swift; sourceTree = "<group>"; };
		7E5B84A91F72A4FC008787FB /* UITouch+Synthesize.h */ = {isa = PBXFileReference; fileEncoding = 4; lastKnownFileType = sourcecode.c.h; path = "UITouch+Synthesize.h"; sourceTree = "<group>"; };
		7E5B84AA1F72A4FC008787FB /* UITouch+Synthesize.m */ = {isa = PBXFileReference; fileEncoding = 4; lastKnownFileType = sourcecode.c.objc; path = "UITouch+Synthesize.m"; sourceTree = "<group>"; };
		7E5B84AD1F72A51B008787FB /* RBEventPlayer-Bridging-Header.h */ = {isa = PBXFileReference; lastKnownFileType = sourcecode.c.h; path = "RBEventPlayer-Bridging-Header.h"; sourceTree = "<group>"; };
		7E5B84AE1F72A5AB008787FB /* IOKit.framework */ = {isa = PBXFileReference; lastKnownFileType = wrapper.framework; name = IOKit.framework; path = Platforms/iPhoneOS.platform/Developer/SDKs/iPhoneOS.sdk/System/Library/Frameworks/IOKit.framework; sourceTree = DEVELOPER_DIR; };
		B8680DD77E9DD8492BF7C77F /* Pods-RBEventPlayer.debug.xcconfig */ = {isa = PBXFileReference; includeInIndex = 1; lastKnownFileType = text.xcconfig; name = "Pods-RBEventPlayer.debug.xcconfig"; path = "Pods/Target Support Files/Pods-RBEventPlayer/Pods-RBEventPlayer.debug.xcconfig"; sourceTree = "<group>"; };
/* End PBXFileReference section */

/* Begin PBXFrameworksBuildPhase section */
		7E5B848A1F72805A008787FB /* Frameworks */ = {
			isa = PBXFrameworksBuildPhase;
			buildActionMask = 2147483647;
			files = (
				FE4CF2C9B2585FE00C5E3319 /* Pods_RBEventPlayer.framework in Frameworks */,
				7E5B84AF1F72A5AB008787FB /* IOKit.framework in Frameworks */,
			);
			runOnlyForDeploymentPostprocessing = 0;
		};
/* End PBXFrameworksBuildPhase section */

/* Begin PBXGroup section */
		7E5B84841F72805A008787FB = {
			isa = PBXGroup;
			children = (
				7E5B84A41F72A4DF008787FB /* Sources */,
				7E5B848F1F72805A008787FB /* RBEventPlayer */,
				7E5B848E1F72805A008787FB /* Products */,
				823CE2855D4A766CD9B84258 /* Pods */,
				98F57A47E3D52B6895D46387 /* Frameworks */,
			);
			sourceTree = "<group>";
		};
		7E5B848E1F72805A008787FB /* Products */ = {
			isa = PBXGroup;
			children = (
				7E5B848D1F72805A008787FB /* RBEventPlayer.app */,
			);
			name = Products;
			sourceTree = "<group>";
		};
		7E5B848F1F72805A008787FB /* RBEventPlayer */ = {
			isa = PBXGroup;
			children = (
				7E5B84AD1F72A51B008787FB /* RBEventPlayer-Bridging-Header.h */,
				7E5B84901F72805A008787FB /* AppDelegate.swift */,
				7E5B84921F72805A008787FB /* ViewController.swift */,
				7E5B84941F72805A008787FB /* Main.storyboard */,
				7E5B84971F72805A008787FB /* Assets.xcassets */,
				7E5B84991F72805A008787FB /* LaunchScreen.storyboard */,
				7E5B849C1F72805B008787FB /* Info.plist */,
			);
			path = RBEventPlayer;
			sourceTree = "<group>";
		};
		7E5B84A41F72A4DF008787FB /* Sources */ = {
			isa = PBXGroup;
			children = (
				7E5B84A81F72A4FC008787FB /* SRGPlayer.swift */,
				7E5B84A91F72A4FC008787FB /* UITouch+Synthesize.h */,
				7E5B84AA1F72A4FC008787FB /* UITouch+Synthesize.m */,
				7E5B84A51F72A4EA008787FB /* RBEventReceiver.swift */,
			);
			path = Sources;
			sourceTree = "<group>";
		};
		823CE2855D4A766CD9B84258 /* Pods */ = {
			isa = PBXGroup;
			children = (
				B8680DD77E9DD8492BF7C77F /* Pods-RBEventPlayer.debug.xcconfig */,
				6FDAD7B5AA3A8A1095095A94 /* Pods-RBEventPlayer.release.xcconfig */,
			);
			name = Pods;
			sourceTree = "<group>";
		};
		98F57A47E3D52B6895D46387 /* Frameworks */ = {
			isa = PBXGroup;
			children = (
				7E5B84AE1F72A5AB008787FB /* IOKit.framework */,
				075727827D89FC0559E49BBC /* Pods_RBEventPlayer.framework */,
			);
			name = Frameworks;
			sourceTree = "<group>";
		};
/* End PBXGroup section */

/* Begin PBXNativeTarget section */
		7E5B848C1F72805A008787FB /* RBEventPlayer */ = {
			isa = PBXNativeTarget;
			buildConfigurationList = 7E5B849F1F72805B008787FB /* Build configuration list for PBXNativeTarget "RBEventPlayer" */;
			buildPhases = (
				F8F529DBAAE724A0ADA172D4 /* [CP] Check Pods Manifest.lock */,
				7E5B84891F72805A008787FB /* Sources */,
				7E5B848A1F72805A008787FB /* Frameworks */,
				7E5B848B1F72805A008787FB /* Resources */,
				E8C2F79C5F212CDEFBB48DD1 /* [CP] Embed Pods Frameworks */,
				85668AF9B3F5C64F9F2C7C0E /* [CP] Copy Pods Resources */,
			);
			buildRules = (
			);
			dependencies = (
			);
			name = RBEventPlayer;
			productName = RBEventPlayer;
			productReference = 7E5B848D1F72805A008787FB /* RBEventPlayer.app */;
			productType = "com.apple.product-type.application";
		};
/* End PBXNativeTarget section */

/* Begin PBXProject section */
		7E5B84851F72805A008787FB /* Project object */ = {
			isa = PBXProject;
			attributes = {
				LastSwiftUpdateCheck = 0830;
				LastUpgradeCheck = 0830;
				ORGANIZATIONNAME = "Shao Tianchi";
				TargetAttributes = {
					7E5B848C1F72805A008787FB = {
						CreatedOnToolsVersion = 8.3.3;
						DevelopmentTeam = JL5DG96Y3E;
						LastSwiftMigration = 0830;
						ProvisioningStyle = Automatic;
					};
				};
			};
			buildConfigurationList = 7E5B84881F72805A008787FB /* Build configuration list for PBXProject "RBEventPlayer" */;
			compatibilityVersion = "Xcode 3.2";
			developmentRegion = English;
			hasScannedForEncodings = 0;
			knownRegions = (
				en,
				Base,
			);
			mainGroup = 7E5B84841F72805A008787FB;
			productRefGroup = 7E5B848E1F72805A008787FB /* Products */;
			projectDirPath = "";
			projectRoot = "";
			targets = (
				7E5B848C1F72805A008787FB /* RBEventPlayer */,
			);
		};
/* End PBXProject section */

/* Begin PBXResourcesBuildPhase section */
		7E5B848B1F72805A008787FB /* Resources */ = {
			isa = PBXResourcesBuildPhase;
			buildActionMask = 2147483647;
			files = (
				7E5B849B1F72805A008787FB /* LaunchScreen.storyboard in Resources */,
				7E5B84981F72805A008787FB /* Assets.xcassets in Resources */,
				7E5B84961F72805A008787FB /* Main.storyboard in Resources */,
			);
			runOnlyForDeploymentPostprocessing = 0;
		};
/* End PBXResourcesBuildPhase section */

/* Begin PBXShellScriptBuildPhase section */
		85668AF9B3F5C64F9F2C7C0E /* [CP] Copy Pods Resources */ = {
			isa = PBXShellScriptBuildPhase;
			buildActionMask = 2147483647;
			files = (
			);
			inputPaths = (
			);
			name = "[CP] Copy Pods Resources";
			outputPaths = (
			);
			runOnlyForDeploymentPostprocessing = 0;
			shellPath = /bin/sh;
			shellScript = "\"${SRCROOT}/Pods/Target Support Files/Pods-RBEventPlayer/Pods-RBEventPlayer-resources.sh\"\n";
			showEnvVarsInLog = 0;
		};
		E8C2F79C5F212CDEFBB48DD1 /* [CP] Embed Pods Frameworks */ = {
			isa = PBXShellScriptBuildPhase;
			buildActionMask = 2147483647;
			files = (
			);
			inputPaths = (
				"${SRCROOT}/Pods/Target Support Files/Pods-RBEventPlayer/Pods-RBEventPlayer-frameworks.sh",
				"${BUILT_PRODUCTS_DIR}/Sharingan/Sharingan.framework",
			);
			name = "[CP] Embed Pods Frameworks";
			outputPaths = (
				"${TARGET_BUILD_DIR}/${FRAMEWORKS_FOLDER_PATH}/Sharingan.framework",
			);
			runOnlyForDeploymentPostprocessing = 0;
			shellPath = /bin/sh;
			shellScript = "\"${SRCROOT}/Pods/Target Support Files/Pods-RBEventPlayer/Pods-RBEventPlayer-frameworks.sh\"\n";
			showEnvVarsInLog = 0;
		};
		F8F529DBAAE724A0ADA172D4 /* [CP] Check Pods Manifest.lock */ = {
			isa = PBXShellScriptBuildPhase;
			buildActionMask = 2147483647;
			files = (
			);
			inputPaths = (
				"${PODS_PODFILE_DIR_PATH}/Podfile.lock",
				"${PODS_ROOT}/Manifest.lock",
			);
			name = "[CP] Check Pods Manifest.lock";
			outputPaths = (
				"$(DERIVED_FILE_DIR)/Pods-RBEventPlayer-checkManifestLockResult.txt",
			);
			runOnlyForDeploymentPostprocessing = 0;
			shellPath = /bin/sh;
			shellScript = "diff \"${PODS_PODFILE_DIR_PATH}/Podfile.lock\" \"${PODS_ROOT}/Manifest.lock\" > /dev/null\nif [ $? != 0 ] ; then\n    # print error to STDERR\n    echo \"error: The sandbox is not in sync with the Podfile.lock. Run 'pod install' or update your CocoaPods installation.\" >&2\n    exit 1\nfi\n# This output is used by Xcode 'outputs' to avoid re-running this script phase.\necho \"SUCCESS\" > \"${SCRIPT_OUTPUT_FILE_0}\"\n";
			showEnvVarsInLog = 0;
		};
/* End PBXShellScriptBuildPhase section */

/* Begin PBXSourcesBuildPhase section */
		7E5B84891F72805A008787FB /* Sources */ = {
			isa = PBXSourcesBuildPhase;
			buildActionMask = 2147483647;
			files = (
				7E5B84931F72805A008787FB /* ViewController.swift in Sources */,
				7E5B84911F72805A008787FB /* AppDelegate.swift in Sources */,
				7E5B84A61F72A4EA008787FB /* RBEventReceiver.swift in Sources */,
				7E5B84AC1F72A4FC008787FB /* UITouch+Synthesize.m in Sources */,
				7E5B84AB1F72A4FC008787FB /* SRGPlayer.swift in Sources */,
			);
			runOnlyForDeploymentPostprocessing = 0;
		};
/* End PBXSourcesBuildPhase section */

/* Begin PBXVariantGroup section */
		7E5B84941F72805A008787FB /* Main.storyboard */ = {
			isa = PBXVariantGroup;
			children = (
				7E5B84951F72805A008787FB /* Base */,
			);
			name = Main.storyboard;
			sourceTree = "<group>";
		};
		7E5B84991F72805A008787FB /* LaunchScreen.storyboard */ = {
			isa = PBXVariantGroup;
			children = (
				7E5B849A1F72805A008787FB /* Base */,
			);
			name = LaunchScreen.storyboard;
			sourceTree = "<group>";
		};
/* End PBXVariantGroup section */

/* Begin XCBuildConfiguration section */
		7E5B849D1F72805B008787FB /* Debug */ = {
			isa = XCBuildConfiguration;
			buildSettings = {
				ALWAYS_SEARCH_USER_PATHS = NO;
				CLANG_ANALYZER_NONNULL = YES;
				CLANG_ANALYZER_NUMBER_OBJECT_CONVERSION = YES_AGGRESSIVE;
				CLANG_CXX_LANGUAGE_STANDARD = "gnu++0x";
				CLANG_CXX_LIBRARY = "libc++";
				CLANG_ENABLE_MODULES = YES;
				CLANG_ENABLE_OBJC_ARC = YES;
				CLANG_WARN_BOOL_CONVERSION = YES;
				CLANG_WARN_CONSTANT_CONVERSION = YES;
				CLANG_WARN_DIRECT_OBJC_ISA_USAGE = YES_ERROR;
				CLANG_WARN_DOCUMENTATION_COMMENTS = YES;
				CLANG_WARN_EMPTY_BODY = YES;
				CLANG_WARN_ENUM_CONVERSION = YES;
				CLANG_WARN_INFINITE_RECURSION = YES;
				CLANG_WARN_INT_CONVERSION = YES;
				CLANG_WARN_OBJC_ROOT_CLASS = YES_ERROR;
				CLANG_WARN_SUSPICIOUS_MOVE = YES;
				CLANG_WARN_UNREACHABLE_CODE = YES;
				CLANG_WARN__DUPLICATE_METHOD_MATCH = YES;
				"CODE_SIGN_IDENTITY[sdk=iphoneos*]" = "iPhone Developer";
				COPY_PHASE_STRIP = NO;
				DEBUG_INFORMATION_FORMAT = dwarf;
				ENABLE_STRICT_OBJC_MSGSEND = YES;
				ENABLE_TESTABILITY = YES;
				GCC_C_LANGUAGE_STANDARD = gnu99;
				GCC_DYNAMIC_NO_PIC = NO;
				GCC_NO_COMMON_BLOCKS = YES;
				GCC_OPTIMIZATION_LEVEL = 0;
				GCC_PREPROCESSOR_DEFINITIONS = (
					"DEBUG=1",
					"$(inherited)",
				);
				GCC_WARN_64_TO_32_BIT_CONVERSION = YES;
				GCC_WARN_ABOUT_RETURN_TYPE = YES_ERROR;
				GCC_WARN_UNDECLARED_SELECTOR = YES;
				GCC_WARN_UNINITIALIZED_AUTOS = YES_AGGRESSIVE;
				GCC_WARN_UNUSED_FUNCTION = YES;
				GCC_WARN_UNUSED_VARIABLE = YES;
				IPHONEOS_DEPLOYMENT_TARGET = 10.3;
				MTL_ENABLE_DEBUG_INFO = YES;
				ONLY_ACTIVE_ARCH = YES;
				SDKROOT = iphoneos;
				SWIFT_ACTIVE_COMPILATION_CONDITIONS = DEBUG;
				SWIFT_OPTIMIZATION_LEVEL = "-Onone";
			};
			name = Debug;
		};
		7E5B849E1F72805B008787FB /* Release */ = {
			isa = XCBuildConfiguration;
			buildSettings = {
				ALWAYS_SEARCH_USER_PATHS = NO;
				CLANG_ANALYZER_NONNULL = YES;
				CLANG_ANALYZER_NUMBER_OBJECT_CONVERSION = YES_AGGRESSIVE;
				CLANG_CXX_LANGUAGE_STANDARD = "gnu++0x";
				CLANG_CXX_LIBRARY = "libc++";
				CLANG_ENABLE_MODULES = YES;
				CLANG_ENABLE_OBJC_ARC = YES;
				CLANG_WARN_BOOL_CONVERSION = YES;
				CLANG_WARN_CONSTANT_CONVERSION = YES;
				CLANG_WARN_DIRECT_OBJC_ISA_USAGE = YES_ERROR;
				CLANG_WARN_DOCUMENTATION_COMMENTS = YES;
				CLANG_WARN_EMPTY_BODY = YES;
				CLANG_WARN_ENUM_CONVERSION = YES;
				CLANG_WARN_INFINITE_RECURSION = YES;
				CLANG_WARN_INT_CONVERSION = YES;
				CLANG_WARN_OBJC_ROOT_CLASS = YES_ERROR;
				CLANG_WARN_SUSPICIOUS_MOVE = YES;
				CLANG_WARN_UNREACHABLE_CODE = YES;
				CLANG_WARN__DUPLICATE_METHOD_MATCH = YES;
				"CODE_SIGN_IDENTITY[sdk=iphoneos*]" = "iPhone Developer";
				COPY_PHASE_STRIP = NO;
				DEBUG_INFORMATION_FORMAT = "dwarf-with-dsym";
				ENABLE_NS_ASSERTIONS = NO;
				ENABLE_STRICT_OBJC_MSGSEND = YES;
				GCC_C_LANGUAGE_STANDARD = gnu99;
				GCC_NO_COMMON_BLOCKS = YES;
				GCC_WARN_64_TO_32_BIT_CONVERSION = YES;
				GCC_WARN_ABOUT_RETURN_TYPE = YES_ERROR;
				GCC_WARN_UNDECLARED_SELECTOR = YES;
				GCC_WARN_UNINITIALIZED_AUTOS = YES_AGGRESSIVE;
				GCC_WARN_UNUSED_FUNCTION = YES;
				GCC_WARN_UNUSED_VARIABLE = YES;
				IPHONEOS_DEPLOYMENT_TARGET = 10.3;
				MTL_ENABLE_DEBUG_INFO = NO;
				SDKROOT = iphoneos;
				SWIFT_OPTIMIZATION_LEVEL = "-Owholemodule";
				VALIDATE_PRODUCT = YES;
			};
			name = Release;
		};
		7E5B84A01F72805B008787FB /* Debug */ = {
			isa = XCBuildConfiguration;
			baseConfigurationReference = B8680DD77E9DD8492BF7C77F /* Pods-RBEventPlayer.debug.xcconfig */;
			buildSettings = {
				ASSETCATALOG_COMPILER_APPICON_NAME = AppIcon;
				CLANG_ENABLE_MODULES = YES;
				DEVELOPMENT_TEAM = JL5DG96Y3E;
				INFOPLIST_FILE = RBEventPlayer/Info.plist;
				LD_RUNPATH_SEARCH_PATHS = "$(inherited) @executable_path/Frameworks";
				PRODUCT_BUNDLE_IDENTIFIER = com.rainbow.RBEventPlayer;
				PRODUCT_NAME = "$(TARGET_NAME)";
				SWIFT_OBJC_BRIDGING_HEADER = "RBEventPlayer/RBEventPlayer-Bridging-Header.h";
				SWIFT_OPTIMIZATION_LEVEL = "-Onone";
				SWIFT_VERSION = 3.0;
			};
			name = Debug;
		};
		7E5B84A11F72805B008787FB /* Release */ = {
			isa = XCBuildConfiguration;
			baseConfigurationReference = 6FDAD7B5AA3A8A1095095A94 /* Pods-RBEventPlayer.release.xcconfig */;
			buildSettings = {
				ASSETCATALOG_COMPILER_APPICON_NAME = AppIcon;
				CLANG_ENABLE_MODULES = YES;
				DEVELOPMENT_TEAM = JL5DG96Y3E;
				INFOPLIST_FILE = RBEventPlayer/Info.plist;
				LD_RUNPATH_SEARCH_PATHS = "$(inherited) @executable_path/Frameworks";
				PRODUCT_BUNDLE_IDENTIFIER = com.rainbow.RBEventPlayer;
				PRODUCT_NAME = "$(TARGET_NAME)";
				SWIFT_OBJC_BRIDGING_HEADER = "RBEventPlayer/RBEventPlayer-Bridging-Header.h";
				SWIFT_VERSION = 3.0;
			};
			name = Release;
		};
/* End XCBuildConfiguration section */

/* Begin XCConfigurationList section */
		7E5B84881F72805A008787FB /* Build configuration list for PBXProject "RBEventPlayer" */ = {
			isa = XCConfigurationList;
			buildConfigurations = (
				7E5B849D1F72805B008787FB /* Debug */,
				7E5B849E1F72805B008787FB /* Release */,
			);
			defaultConfigurationIsVisible = 0;
			defaultConfigurationName = Release;
		};
		7E5B849F1F72805B008787FB /* Build configuration list for PBXNativeTarget "RBEventPlayer" */ = {
			isa = XCConfigurationList;
			buildConfigurations = (
				7E5B84A01F72805B008787FB /* Debug */,
				7E5B84A11F72805B008787FB /* Release */,
			);
			defaultConfigurationIsVisible = 0;
			defaultConfigurationName = Release;
		};
/* End XCConfigurationList section */
	};
	rootObject = 7E5B84851F72805A008787FB /* Project object */;
}
